
Microsoft Visual Studio Solution File, Format Version 12.00
# Visual Studio Version 16
VisualStudioVersion = 16.0.29519.181
MinimumVisualStudioVersion = 10.0.40219.1
Project("{FAE04EC0-301F-11D3-BF4B-00C04F79EFBC}") = "StringsAndArrays", "StringsAndArrays\StringsAndArrays.csproj", "{33E26DBC-B712-432B-A9AB-970806724794}"
EndProject
Global
	GlobalSection(SolutionConfigurationPlatforms) = preSolution
		Debug|Any CPU = Debug|Any CPU
		Release|Any CPU = Release|Any CPU
	EndGlobalSection
	GlobalSection(ProjectConfigurationPlatforms) = postSolution
		{33E26DBC-B712-432B-A9AB-970806724794}.Debug|Any CPU.ActiveCfg = Debug|Any CPU
		{33E26DBC-B712-432B-A9AB-970806724794}.Debug|Any CPU.Build.0 = Debug|Any CPU
		{33E26DBC-B712-432B-A9AB-970806724794}.Release|Any CPU.ActiveCfg = Release|Any CPU
		{33E26DBC-B712-432B-A9AB-970806724794}.Release|Any CPU.Build.0 = Release|Any CPU
	EndGlobalSection
	GlobalSection(SolutionProperties) = preSolution
		HideSolutionNode = FALSE
	EndGlobalSection
	GlobalSection(ExtensibilityGlobals) = postSolution
		SolutionGuid = {A3287815-D366-43E9-AFDA-22D4FFBA18D3}
	EndGlobalSection
EndGlobal
